
Microsoft Visual Studio Solution File, Format Version 12.00
# Visual Studio Version 16
VisualStudioVersion = 16.0.31205.134
MinimumVisualStudioVersion = 10.0.40219.1
Project("{FAE04EC0-301F-11D3-BF4B-00C04F79EFBC}") = "ConstructorChaining", "ConstructorChaining.csproj", "{813C64AB-63A6-4655-9318-26407CF50285}"
EndProject
Global
	GlobalSection(SolutionConfigurationPlatforms) = preSolution
		Debug|Any CPU = Debug|Any CPU
		Release|Any CPU = Release|Any CPU
	EndGlobalSection
	GlobalSection(ProjectConfigurationPlatforms) = postSolution
		{813C64AB-63A6-4655-9318-26407CF50285}.Debug|Any CPU.ActiveCfg = Debug|Any CPU
		{813C64AB-63A6-4655-9318-26407CF50285}.Debug|Any CPU.Build.0 = Debug|Any CPU
		{813C64AB-63A6-4655-9318-26407CF50285}.Release|Any CPU.ActiveCfg = Release|Any CPU
		{813C64AB-63A6-4655-9318-26407CF50285}.Release|Any CPU.Build.0 = Release|Any CPU
	EndGlobalSection
	GlobalSection(SolutionProperties) = preSolution
		HideSolutionNode = FALSE
	EndGlobalSection
	GlobalSection(ExtensibilityGlobals) = postSolution
		SolutionGuid = {DAC28CA7-9BC5-43FF-AD5A-76F257924B77}
	EndGlobalSection
EndGlobal
