
Microsoft Visual Studio Solution File, Format Version 12.00
# Visual Studio Version 16
VisualStudioVersion = 16.0.31205.134
MinimumVisualStudioVersion = 10.0.40219.1
Project("{FAE04EC0-301F-11D3-BF4B-00C04F79EFBC}") = "FieldsAndProperties", "FieldsAndProperties.csproj", "{D9CE4859-6FD3-4BE5-85A0-0A34792E75E2}"
EndProject
Global
	GlobalSection(SolutionConfigurationPlatforms) = preSolution
		Debug|Any CPU = Debug|Any CPU
		Release|Any CPU = Release|Any CPU
	EndGlobalSection
	GlobalSection(ProjectConfigurationPlatforms) = postSolution
		{D9CE4859-6FD3-4BE5-85A0-0A34792E75E2}.Debug|Any CPU.ActiveCfg = Debug|Any CPU
		{D9CE4859-6FD3-4BE5-85A0-0A34792E75E2}.Debug|Any CPU.Build.0 = Debug|Any CPU
		{D9CE4859-6FD3-4BE5-85A0-0A34792E75E2}.Release|Any CPU.ActiveCfg = Release|Any CPU
		{D9CE4859-6FD3-4BE5-85A0-0A34792E75E2}.Release|Any CPU.Build.0 = Release|Any CPU
	EndGlobalSection
	GlobalSection(SolutionProperties) = preSolution
		HideSolutionNode = FALSE
	EndGlobalSection
	GlobalSection(ExtensibilityGlobals) = postSolution
		SolutionGuid = {0C4C0A09-0286-4225-9EA5-3BE549A87E96}
	EndGlobalSection
EndGlobal
